
Microsoft Visual Studio Solution File, Format Version 12.00
# Visual Studio Version 16
VisualStudioVersion = 16.0.28803.352
MinimumVisualStudioVersion = 10.0.40219.1
Project("{FAE04EC0-301F-11D3-BF4B-00C04F79EFBC}") = "GitTest", "GitTest\GitTest.csproj", "{AA088AB4-4430-4546-AE9F-3CDED80BC339}"
EndProject
Global
	GlobalSection(SolutionConfigurationPlatforms) = preSolution
		Debug|Any CPU = Debug|Any CPU
		Release|Any CPU = Release|Any CPU
	EndGlobalSection
	GlobalSection(ProjectConfigurationPlatforms) = postSolution
		{AA088AB4-4430-4546-AE9F-3CDED80BC339}.Debug|Any CPU.ActiveCfg = Debug|Any CPU
		{AA088AB4-4430-4546-AE9F-3CDED80BC339}.Debug|Any CPU.Build.0 = Debug|Any CPU
		{AA088AB4-4430-4546-AE9F-3CDED80BC339}.Release|Any CPU.ActiveCfg = Release|Any CPU
		{AA088AB4-4430-4546-AE9F-3CDED80BC339}.Release|Any CPU.Build.0 = Release|Any CPU
	EndGlobalSection
	GlobalSection(SolutionProperties) = preSolution
		HideSolutionNode = FALSE
	EndGlobalSection
	GlobalSection(ExtensibilityGlobals) = postSolution
		SolutionGuid = {8421F947-6EFE-4527-B97E-9BA7A94A23CA}
	EndGlobalSection
EndGlobal
